github.com/aamendola/go-utils v1.0.36 h1:TwyHtHiTiqzi06hL/+d7oXJUms/I/7eqlN4puBohkVo=
github.com/aamendola/go-utils v1.0.36/go.mod h1:tvSCA/vypwXa6sPN+nMB9aqnGu3FEvbBxHfTb66Q3/s=
github.com/streadway/amqp v1.0.0 h1:kuuDrUJFZL1QYL9hUNuCxNObNzB0bV/ZG5jV3RWAQgo=
github.com/streadway/amqp v1.0.0/go.mod h1:AZpEONHx3DKn8O/DFsRAY58/XVQiIPMTMB1SddzLXVw=
